
Microsoft Visual Studio Solution File, Format Version 12.00
# Visual Studio Version 17
VisualStudioVersion = 17.6.33723.286
MinimumVisualStudioVersion = 10.0.40219.1
Project("{FAE04EC0-301F-11D3-BF4B-00C04F79EFBC}") = "OValorMaior", "OValorMaior\OValorMaior.csproj", "{DFAC2F4D-ADA7-4805-A4F7-2D5B87289C64}"
EndProject
Global
	GlobalSection(SolutionConfigurationPlatforms) = preSolution
		Debug|Any CPU = Debug|Any CPU
		Release|Any CPU = Release|Any CPU
	EndGlobalSection
	GlobalSection(ProjectConfigurationPlatforms) = postSolution
		{DFAC2F4D-ADA7-4805-A4F7-2D5B87289C64}.Debug|Any CPU.ActiveCfg = Debug|Any CPU
		{DFAC2F4D-ADA7-4805-A4F7-2D5B87289C64}.Debug|Any CPU.Build.0 = Debug|Any CPU
		{DFAC2F4D-ADA7-4805-A4F7-2D5B87289C64}.Release|Any CPU.ActiveCfg = Release|Any CPU
		{DFAC2F4D-ADA7-4805-A4F7-2D5B87289C64}.Release|Any CPU.Build.0 = Release|Any CPU
	EndGlobalSection
	GlobalSection(SolutionProperties) = preSolution
		HideSolutionNode = FALSE
	EndGlobalSection
	GlobalSection(ExtensibilityGlobals) = postSolution
		SolutionGuid = {7F3193C3-D064-4F72-8ABB-0E18F76039C5}
	EndGlobalSection
EndGlobal
